// !$*UTF8*$!
{
	archiveVersion = 1;
	classes = {
	};
	objectVersion = 48;
	objects = {

/* Begin PBXBuildFile section */
		9A29C5F320A0536E00FA08B5 /* AppDelegate.swift in Sources */ = {isa = PBXBuildFile; fileRef = 9A29C5F220A0536E00FA08B5 /* AppDelegate.swift */; };
		9A29C5F520A0536E00FA08B5 /* ViewController.swift in Sources */ = {isa = PBXBuildFile; fileRef = 9A29C5F420A0536E00FA08B5 /* ViewController.swift */; };
		9A29C5F820A0536E00FA08B5 /* Main.storyboard in Resources */ = {isa = PBXBuildFile; fileRef = 9A29C5F620A0536E00FA08B5 /* Main.storyboard */; };
		9A29C5FA20A0536E00FA08B5 /* Assets.xcassets in Resources */ = {isa = PBXBuildFile; fileRef = 9A29C5F920A0536E00FA08B5 /* Assets.xcassets */; };
		9A29C5FD20A0536E00FA08B5 /* LaunchScreen.storyboard in Resources */ = {isa = PBXBuildFile; fileRef = 9A29C5FB20A0536E00FA08B5 /* LaunchScreen.storyboard */; };
		9A29C61820A0554000FA08B5 /* AFError.swift in Sources */ = {isa = PBXBuildFile; fileRef = 9A29C60620A0554000FA08B5 /* AFError.swift */; };
		9A29C61920A0554000FA08B5 /* Alamofire.swift in Sources */ = {isa = PBXBuildFile; fileRef = 9A29C60820A0554000FA08B5 /* Alamofire.swift */; };
		9A29C61A20A0554000FA08B5 /* DispatchQueue+Alamofire.swift in Sources */ = {isa = PBXBuildFile; fileRef = 9A29C60920A0554000FA08B5 /* DispatchQueue+Alamofire.swift */; };
		9A29C61B20A0554000FA08B5 /* MultipartFormData.swift in Sources */ = {isa = PBXBuildFile; fileRef = 9A29C60A20A0554000FA08B5 /* MultipartFormData.swift */; };
		9A29C61C20A0554000FA08B5 /* NetworkReachabilityManager.swift in Sources */ = {isa = PBXBuildFile; fileRef = 9A29C60B20A0554000FA08B5 /* NetworkReachabilityManager.swift */; };
		9A29C61D20A0554000FA08B5 /* Notifications.swift in Sources */ = {isa = PBXBuildFile; fileRef = 9A29C60C20A0554000FA08B5 /* Notifications.swift */; };
		9A29C61E20A0554000FA08B5 /* ParameterEncoding.swift in Sources */ = {isa = PBXBuildFile; fileRef = 9A29C60D20A0554000FA08B5 /* ParameterEncoding.swift */; };
		9A29C61F20A0554000FA08B5 /* Request.swift in Sources */ = {isa = PBXBuildFile; fileRef = 9A29C60E20A0554000FA08B5 /* Request.swift */; };
		9A29C62020A0554000FA08B5 /* Response.swift in Sources */ = {isa = PBXBuildFile; fileRef = 9A29C60F20A0554000FA08B5 /* Response.swift */; };
		9A29C62120A0554000FA08B5 /* ResponseSerialization.swift in Sources */ = {isa = PBXBuildFile; fileRef = 9A29C61020A0554000FA08B5 /* ResponseSerialization.swift */; };
		9A29C62220A0554000FA08B5 /* Result.swift in Sources */ = {isa = PBXBuildFile; fileRef = 9A29C61120A0554000FA08B5 /* Result.swift */; };
		9A29C62320A0554000FA08B5 /* ServerTrustPolicy.swift in Sources */ = {isa = PBXBuildFile; fileRef = 9A29C61220A0554000FA08B5 /* ServerTrustPolicy.swift */; };
		9A29C62420A0554000FA08B5 /* SessionDelegate.swift in Sources */ = {isa = PBXBuildFile; fileRef = 9A29C61320A0554000FA08B5 /* SessionDelegate.swift */; };
		9A29C62520A0554000FA08B5 /* SessionManager.swift in Sources */ = {isa = PBXBuildFile; fileRef = 9A29C61420A0554000FA08B5 /* SessionManager.swift */; };
		9A29C62620A0554000FA08B5 /* TaskDelegate.swift in Sources */ = {isa = PBXBuildFile; fileRef = 9A29C61520A0554000FA08B5 /* TaskDelegate.swift */; };
		9A29C62720A0554000FA08B5 /* Timeline.swift in Sources */ = {isa = PBXBuildFile; fileRef = 9A29C61620A0554000FA08B5 /* Timeline.swift */; };
		9A29C62820A0554000FA08B5 /* Validation.swift in Sources */ = {isa = PBXBuildFile; fileRef = 9A29C61720A0554000FA08B5 /* Validation.swift */; };
		9A29C62C20A055D800FA08B5 /* ASOperations.swift in Sources */ = {isa = PBXBuildFile; fileRef = 9A29C62B20A055D800FA08B5 /* ASOperations.swift */; };
		9A29C62F20A0573900FA08B5 /* NetworkingProvider.swift in Sources */ = {isa = PBXBuildFile; fileRef = 9A29C62E20A0573900FA08B5 /* NetworkingProvider.swift */; };
		9A29C63120A0577700FA08B5 /* AFNetworkConnector.swift in Sources */ = {isa = PBXBuildFile; fileRef = 9A29C63020A0577700FA08B5 /* AFNetworkConnector.swift */; };
		9A29C63320A0586100FA08B5 /* NSURLNetworkConnector.swift in Sources */ = {isa = PBXBuildFile; fileRef = 9A29C63220A0586100FA08B5 /* NSURLNetworkConnector.swift */; };
		9A29C63520A058E400FA08B5 /* GetDataOperation.swift in Sources */ = {isa = PBXBuildFile; fileRef = 9A29C63420A058E400FA08B5 /* GetDataOperation.swift */; };
		9A29C63820A05E4900FA08B5 /* User.swift in Sources */ = {isa = PBXBuildFile; fileRef = 9A29C63720A05E4900FA08B5 /* User.swift */; };
/* End PBXBuildFile section */

/* Begin PBXFileReference section */
		9A29C5EF20A0536E00FA08B5 /* OperationQueueTest.app */ = {isa = PBXFileReference; explicitFileType = wrapper.application; includeInIndex = 0; path = OperationQueueTest.app; sourceTree = BUILT_PRODUCTS_DIR; };
		9A29C5F220A0536E00FA08B5 /* AppDelegate.swift */ = {isa = PBXFileReference; lastKnownFileType = sourcecode.swift; path = AppDelegate.swift; sourceTree = "<group>"; };
		9A29C5F420A0536E00FA08B5 /* ViewController.swift */ = {isa = PBXFileReference; lastKnownFileType = sourcecode.swift; path = ViewController.swift; sourceTree = "<group>"; };
		9A29C5F720A0536E00FA08B5 /* Base */ = {isa = PBXFileReference; lastKnownFileType = file.storyboard; name = Base; path = Base.lproj/Main.storyboard; sourceTree = "<group>"; };
		9A29C5F920A0536E00FA08B5 /* Assets.xcassets */ = {isa = PBXFileReference; lastKnownFileType = folder.assetcatalog; path = Assets.xcassets; sourceTree = "<group>"; };
		9A29C5FC20A0536E00FA08B5 /* Base */ = {isa = PBXFileReference; lastKnownFileType = file.storyboard; name = Base; path = Base.lproj/LaunchScreen.storyboard; sourceTree = "<group>"; };
		9A29C5FE20A0536E00FA08B5 /* Info.plist */ = {isa = PBXFileReference; lastKnownFileType = text.plist.xml; path = Info.plist; sourceTree = "<group>"; };
		9A29C60620A0554000FA08B5 /* AFError.swift */ = {isa = PBXFileReference; fileEncoding = 4; lastKnownFileType = sourcecode.swift; path = AFError.swift; sourceTree = "<group>"; };
		9A29C60720A0554000FA08B5 /* Alamofire.h */ = {isa = PBXFileReference; fileEncoding = 4; lastKnownFileType = sourcecode.c.h; path = Alamofire.h; sourceTree = "<group>"; };
		9A29C60820A0554000FA08B5 /* Alamofire.swift */ = {isa = PBXFileReference; fileEncoding = 4; lastKnownFileType = sourcecode.swift; path = Alamofire.swift; sourceTree = "<group>"; };
		9A29C60920A0554000FA08B5 /* DispatchQueue+Alamofire.swift */ = {isa = PBXFileReference; fileEncoding = 4; lastKnownFileType = sourcecode.swift; path = "DispatchQueue+Alamofire.swift"; sourceTree = "<group>"; };
		9A29C60A20A0554000FA08B5 /* MultipartFormData.swift */ = {isa = PBXFileReference; fileEncoding = 4; lastKnownFileType = sourcecode.swift; path = MultipartFormData.swift; sourceTree = "<group>"; };
		9A29C60B20A0554000FA08B5 /* NetworkReachabilityManager.swift */ = {isa = PBXFileReference; fileEncoding = 4; lastKnownFileType = sourcecode.swift; path = NetworkReachabilityManager.swift; sourceTree = "<group>"; };
		9A29C60C20A0554000FA08B5 /* Notifications.swift */ = {isa = PBXFileReference; fileEncoding = 4; lastKnownFileType = sourcecode.swift; path = Notifications.swift; sourceTree = "<group>"; };
		9A29C60D20A0554000FA08B5 /* ParameterEncoding.swift */ = {isa = PBXFileReference; fileEncoding = 4; lastKnownFileType = sourcecode.swift; path = ParameterEncoding.swift; sourceTree = "<group>"; };
		9A29C60E20A0554000FA08B5 /* Request.swift */ = {isa = PBXFileReference; fileEncoding = 4; lastKnownFileType = sourcecode.swift; path = Request.swift; sourceTree = "<group>"; };
		9A29C60F20A0554000FA08B5 /* Response.swift */ = {isa = PBXFileReference; fileEncoding = 4; lastKnownFileType = sourcecode.swift; path = Response.swift; sourceTree = "<group>"; };
		9A29C61020A0554000FA08B5 /* ResponseSerialization.swift */ = {isa = PBXFileReference; fileEncoding = 4; lastKnownFileType = sourcecode.swift; path = ResponseSerialization.swift; sourceTree = "<group>"; };
		9A29C61120A0554000FA08B5 /* Result.swift */ = {isa = PBXFileReference; fileEncoding = 4; lastKnownFileType = sourcecode.swift; path = Result.swift; sourceTree = "<group>"; };
		9A29C61220A0554000FA08B5 /* ServerTrustPolicy.swift */ = {isa = PBXFileReference; fileEncoding = 4; lastKnownFileType = sourcecode.swift; path = ServerTrustPolicy.swift; sourceTree = "<group>"; };
		9A29C61320A0554000FA08B5 /* SessionDelegate.swift */ = {isa = PBXFileReference; fileEncoding = 4; lastKnownFileType = sourcecode.swift; path = SessionDelegate.swift; sourceTree = "<group>"; };
		9A29C61420A0554000FA08B5 /* SessionManager.swift */ = {isa = PBXFileReference; fileEncoding = 4; lastKnownFileType = sourcecode.swift; path = SessionManager.swift; sourceTree = "<group>"; };
		9A29C61520A0554000FA08B5 /* TaskDelegate.swift */ = {isa = PBXFileReference; fileEncoding = 4; lastKnownFileType = sourcecode.swift; path = TaskDelegate.swift; sourceTree = "<group>"; };
		9A29C61620A0554000FA08B5 /* Timeline.swift */ = {isa = PBXFileReference; fileEncoding = 4; lastKnownFileType = sourcecode.swift; path = Timeline.swift; sourceTree = "<group>"; };
		9A29C61720A0554000FA08B5 /* Validation.swift */ = {isa = PBXFileReference; fileEncoding = 4; lastKnownFileType = sourcecode.swift; path = Validation.swift; sourceTree = "<group>"; };
		9A29C62B20A055D800FA08B5 /* ASOperations.swift */ = {isa = PBXFileReference; lastKnownFileType = sourcecode.swift; path = ASOperations.swift; sourceTree = "<group>"; };
		9A29C62E20A0573900FA08B5 /* NetworkingProvider.swift */ = {isa = PBXFileReference; lastKnownFileType = sourcecode.swift; path = NetworkingProvider.swift; sourceTree = "<group>"; };
		9A29C63020A0577700FA08B5 /* AFNetworkConnector.swift */ = {isa = PBXFileReference; lastKnownFileType = sourcecode.swift; path = AFNetworkConnector.swift; sourceTree = "<group>"; };
		9A29C63220A0586100FA08B5 /* NSURLNetworkConnector.swift */ = {isa = PBXFileReference; lastKnownFileType = sourcecode.swift; path = NSURLNetworkConnector.swift; sourceTree = "<group>"; };
		9A29C63420A058E400FA08B5 /* GetDataOperation.swift */ = {isa = PBXFileReference; lastKnownFileType = sourcecode.swift; path = GetDataOperation.swift; sourceTree = "<group>"; };
		9A29C63720A05E4900FA08B5 /* User.swift */ = {isa = PBXFileReference; lastKnownFileType = sourcecode.swift; path = User.swift; sourceTree = "<group>"; };
/* End PBXFileReference section */

/* Begin PBXFrameworksBuildPhase section */
		9A29C5EC20A0536E00FA08B5 /* Frameworks */ = {
			isa = PBXFrameworksBuildPhase;
			buildActionMask = 2147483647;
			files = (
			);
			runOnlyForDeploymentPostprocessing = 0;
		};
/* End PBXFrameworksBuildPhase section */

/* Begin PBXGroup section */
		9A29C5E620A0536E00FA08B5 = {
			isa = PBXGroup;
			children = (
				9A29C5F120A0536E00FA08B5 /* OperationQueueTest */,
				9A29C5F020A0536E00FA08B5 /* Products */,
			);
			sourceTree = "<group>";
		};
		9A29C5F020A0536E00FA08B5 /* Products */ = {
			isa = PBXGroup;
			children = (
				9A29C5EF20A0536E00FA08B5 /* OperationQueueTest.app */,
			);
			name = Products;
			sourceTree = "<group>";
		};
		9A29C5F120A0536E00FA08B5 /* OperationQueueTest */ = {
			isa = PBXGroup;
			children = (
				9A29C62920A055B800FA08B5 /* Core */,
				9A29C60420A0554000FA08B5 /* Libraries */,
				9A29C5F220A0536E00FA08B5 /* AppDelegate.swift */,
				9A29C5F420A0536E00FA08B5 /* ViewController.swift */,
				9A29C5F620A0536E00FA08B5 /* Main.storyboard */,
				9A29C5F920A0536E00FA08B5 /* Assets.xcassets */,
				9A29C5FB20A0536E00FA08B5 /* LaunchScreen.storyboard */,
				9A29C5FE20A0536E00FA08B5 /* Info.plist */,
			);
			path = OperationQueueTest;
			sourceTree = "<group>";
		};
		9A29C60420A0554000FA08B5 /* Libraries */ = {
			isa = PBXGroup;
			children = (
				9A29C60520A0554000FA08B5 /* Alamofire */,
			);
			path = Libraries;
			sourceTree = "<group>";
		};
		9A29C60520A0554000FA08B5 /* Alamofire */ = {
			isa = PBXGroup;
			children = (
				9A29C60620A0554000FA08B5 /* AFError.swift */,
				9A29C60720A0554000FA08B5 /* Alamofire.h */,
				9A29C60820A0554000FA08B5 /* Alamofire.swift */,
				9A29C60920A0554000FA08B5 /* DispatchQueue+Alamofire.swift */,
				9A29C60A20A0554000FA08B5 /* MultipartFormData.swift */,
				9A29C60B20A0554000FA08B5 /* NetworkReachabilityManager.swift */,
				9A29C60C20A0554000FA08B5 /* Notifications.swift */,
				9A29C60D20A0554000FA08B5 /* ParameterEncoding.swift */,
				9A29C60E20A0554000FA08B5 /* Request.swift */,
				9A29C60F20A0554000FA08B5 /* Response.swift */,
				9A29C61020A0554000FA08B5 /* ResponseSerialization.swift */,
				9A29C61120A0554000FA08B5 /* Result.swift */,
				9A29C61220A0554000FA08B5 /* ServerTrustPolicy.swift */,
				9A29C61320A0554000FA08B5 /* SessionDelegate.swift */,
				9A29C61420A0554000FA08B5 /* SessionManager.swift */,
				9A29C61520A0554000FA08B5 /* TaskDelegate.swift */,
				9A29C61620A0554000FA08B5 /* Timeline.swift */,
				9A29C61720A0554000FA08B5 /* Validation.swift */,
			);
			path = Alamofire;
			sourceTree = "<group>";
		};
		9A29C62920A055B800FA08B5 /* Core */ = {
			isa = PBXGroup;
			children = (
				9A29C63620A05E3F00FA08B5 /* Models */,
				9A29C62D20A0572A00FA08B5 /* Networking */,
				9A29C62A20A055C200FA08B5 /* Operations */,
			);
			path = Core;
			sourceTree = "<group>";
		};
		9A29C62A20A055C200FA08B5 /* Operations */ = {
			isa = PBXGroup;
			children = (
				9A29C62B20A055D800FA08B5 /* ASOperations.swift */,
				9A29C63420A058E400FA08B5 /* GetDataOperation.swift */,
			);
			path = Operations;
			sourceTree = "<group>";
		};
		9A29C62D20A0572A00FA08B5 /* Networking */ = {
			isa = PBXGroup;
			children = (
				9A29C62E20A0573900FA08B5 /* NetworkingProvider.swift */,
				9A29C63020A0577700FA08B5 /* AFNetworkConnector.swift */,
				9A29C63220A0586100FA08B5 /* NSURLNetworkConnector.swift */,
			);
			path = Networking;
			sourceTree = "<group>";
		};
		9A29C63620A05E3F00FA08B5 /* Models */ = {
			isa = PBXGroup;
			children = (
				9A29C63720A05E4900FA08B5 /* User.swift */,
			);
			path = Models;
			sourceTree = "<group>";
		};
/* End PBXGroup section */

/* Begin PBXNativeTarget section */
		9A29C5EE20A0536E00FA08B5 /* OperationQueueTest */ = {
			isa = PBXNativeTarget;
			buildConfigurationList = 9A29C60120A0536E00FA08B5 /* Build configuration list for PBXNativeTarget "OperationQueueTest" */;
			buildPhases = (
				9A29C5EB20A0536E00FA08B5 /* Sources */,
				9A29C5EC20A0536E00FA08B5 /* Frameworks */,
				9A29C5ED20A0536E00FA08B5 /* Resources */,
			);
			buildRules = (
			);
			dependencies = (
			);
			name = OperationQueueTest;
			productName = OperationQueueTest;
			productReference = 9A29C5EF20A0536E00FA08B5 /* OperationQueueTest.app */;
			productType = "com.apple.product-type.application";
		};
/* End PBXNativeTarget section */

/* Begin PBXProject section */
		9A29C5E720A0536E00FA08B5 /* Project object */ = {
			isa = PBXProject;
			attributes = {
				LastSwiftUpdateCheck = 0920;
				LastUpgradeCheck = 0920;
				ORGANIZATIONNAME = "Shantanu Dutta";
				TargetAttributes = {
					9A29C5EE20A0536E00FA08B5 = {
						CreatedOnToolsVersion = 9.2;
						ProvisioningStyle = Automatic;
					};
				};
			};
			buildConfigurationList = 9A29C5EA20A0536E00FA08B5 /* Build configuration list for PBXProject "OperationQueueTest" */;
			compatibilityVersion = "Xcode 8.0";
			developmentRegion = en;
			hasScannedForEncodings = 0;
			knownRegions = (
				en,
				Base,
			);
			mainGroup = 9A29C5E620A0536E00FA08B5;
			productRefGroup = 9A29C5F020A0536E00FA08B5 /* Products */;
			projectDirPath = "";
			projectRoot = "";
			targets = (
				9A29C5EE20A0536E00FA08B5 /* OperationQueueTest */,
			);
		};
/* End PBXProject section */

/* Begin PBXResourcesBuildPhase section */
		9A29C5ED20A0536E00FA08B5 /* Resources */ = {
			isa = PBXResourcesBuildPhase;
			buildActionMask = 2147483647;
			files = (
				9A29C5FD20A0536E00FA08B5 /* LaunchScreen.storyboard in Resources */,
				9A29C5FA20A0536E00FA08B5 /* Assets.xcassets in Resources */,
				9A29C5F820A0536E00FA08B5 /* Main.storyboard in Resources */,
			);
			runOnlyForDeploymentPostprocessing = 0;
		};
/* End PBXResourcesBuildPhase section */

/* Begin PBXSourcesBuildPhase section */
		9A29C5EB20A0536E00FA08B5 /* Sources */ = {
			isa = PBXSourcesBuildPhase;
			buildActionMask = 2147483647;
			files = (
				9A29C62720A0554000FA08B5 /* Timeline.swift in Sources */,
				9A29C61E20A0554000FA08B5 /* ParameterEncoding.swift in Sources */,
				9A29C63320A0586100FA08B5 /* NSURLNetworkConnector.swift in Sources */,
				9A29C63820A05E4900FA08B5 /* User.swift in Sources */,
				9A29C62220A0554000FA08B5 /* Result.swift in Sources */,
				9A29C63520A058E400FA08B5 /* GetDataOperation.swift in Sources */,
				9A29C61D20A0554000FA08B5 /* Notifications.swift in Sources */,
				9A29C61C20A0554000FA08B5 /* NetworkReachabilityManager.swift in Sources */,
				9A29C61B20A0554000FA08B5 /* MultipartFormData.swift in Sources */,
				9A29C62320A0554000FA08B5 /* ServerTrustPolicy.swift in Sources */,
				9A29C62420A0554000FA08B5 /* SessionDelegate.swift in Sources */,
				9A29C62F20A0573900FA08B5 /* NetworkingProvider.swift in Sources */,
				9A29C5F520A0536E00FA08B5 /* ViewController.swift in Sources */,
				9A29C62C20A055D800FA08B5 /* ASOperations.swift in Sources */,
				9A29C5F320A0536E00FA08B5 /* AppDelegate.swift in Sources */,
				9A29C61A20A0554000FA08B5 /* DispatchQueue+Alamofire.swift in Sources */,
				9A29C62120A0554000FA08B5 /* ResponseSerialization.swift in Sources */,
				9A29C62020A0554000FA08B5 /* Response.swift in Sources */,
				9A29C62820A0554000FA08B5 /* Validation.swift in Sources */,
				9A29C61F20A0554000FA08B5 /* Request.swift in Sources */,
				9A29C62620A0554000FA08B5 /* TaskDelegate.swift in Sources */,
				9A29C61920A0554000FA08B5 /* Alamofire.swift in Sources */,
				9A29C62520A0554000FA08B5 /* SessionManager.swift in Sources */,
				9A29C61820A0554000FA08B5 /* AFError.swift in Sources */,
				9A29C63120A0577700FA08B5 /* AFNetworkConnector.swift in Sources */,
			);
			runOnlyForDeploymentPostprocessing = 0;
		};
/* End PBXSourcesBuildPhase section */

/* Begin PBXVariantGroup section */
		9A29C5F620A0536E00FA08B5 /* Main.storyboard */ = {
			isa = PBXVariantGroup;
			children = (
				9A29C5F720A0536E00FA08B5 /* Base */,
			);
			name = Main.storyboard;
			sourceTree = "<group>";
		};
		9A29C5FB20A0536E00FA08B5 /* LaunchScreen.storyboard */ = {
			isa = PBXVariantGroup;
			children = (
				9A29C5FC20A0536E00FA08B5 /* Base */,
			);
			name = LaunchScreen.storyboard;
			sourceTree = "<group>";
		};
/* End PBXVariantGroup section */

/* Begin XCBuildConfiguration section */
		9A29C5FF20A0536E00FA08B5 /* Debug */ = {
			isa = XCBuildConfiguration;
			buildSettings = {
				ALWAYS_SEARCH_USER_PATHS = NO;
				CLANG_ANALYZER_NONNULL = YES;
				CLANG_ANALYZER_NUMBER_OBJECT_CONVERSION = YES_AGGRESSIVE;
				CLANG_CXX_LANGUAGE_STANDARD = "gnu++14";
				CLANG_CXX_LIBRARY = "libc++";
				CLANG_ENABLE_MODULES = YES;
				CLANG_ENABLE_OBJC_ARC = YES;
				CLANG_WARN_BLOCK_CAPTURE_AUTORELEASING = YES;
				CLANG_WARN_BOOL_CONVERSION = YES;
				CLANG_WARN_COMMA = YES;
				CLANG_WARN_CONSTANT_CONVERSION = YES;
				CLANG_WARN_DIRECT_OBJC_ISA_USAGE = YES_ERROR;
				CLANG_WARN_DOCUMENTATION_COMMENTS = YES;
				CLANG_WARN_EMPTY_BODY = YES;
				CLANG_WARN_ENUM_CONVERSION = YES;
				CLANG_WARN_INFINITE_RECURSION = YES;
				CLANG_WARN_INT_CONVERSION = YES;
				CLANG_WARN_NON_LITERAL_NULL_CONVERSION = YES;
				CLANG_WARN_OBJC_LITERAL_CONVERSION = YES;
				CLANG_WARN_OBJC_ROOT_CLASS = YES_ERROR;
				CLANG_WARN_RANGE_LOOP_ANALYSIS = YES;
				CLANG_WARN_STRICT_PROTOTYPES = YES;
				CLANG_WARN_SUSPICIOUS_MOVE = YES;
				CLANG_WARN_UNGUARDED_AVAILABILITY = YES_AGGRESSIVE;
				CLANG_WARN_UNREACHABLE_CODE = YES;
				CLANG_WARN__DUPLICATE_METHOD_MATCH = YES;
				CODE_SIGN_IDENTITY = "iPhone Developer";
				COPY_PHASE_STRIP = NO;
				DEBUG_INFORMATION_FORMAT = dwarf;
				ENABLE_STRICT_OBJC_MSGSEND = YES;
				ENABLE_TESTABILITY = YES;
				GCC_C_LANGUAGE_STANDARD = gnu11;
				GCC_DYNAMIC_NO_PIC = NO;
				GCC_NO_COMMON_BLOCKS = YES;
				GCC_OPTIMIZATION_LEVEL = 0;
				GCC_PREPROCESSOR_DEFINITIONS = (
					"DEBUG=1",
					"$(inherited)",
				);
				GCC_WARN_64_TO_32_BIT_CONVERSION = YES;
				GCC_WARN_ABOUT_RETURN_TYPE = YES_ERROR;
				GCC_WARN_UNDECLARED_SELECTOR = YES;
				GCC_WARN_UNINITIALIZED_AUTOS = YES_AGGRESSIVE;
				GCC_WARN_UNUSED_FUNCTION = YES;
				GCC_WARN_UNUSED_VARIABLE = YES;
				IPHONEOS_DEPLOYMENT_TARGET = 10.0;
				MTL_ENABLE_DEBUG_INFO = YES;
				ONLY_ACTIVE_ARCH = YES;
				SDKROOT = iphoneos;
				SWIFT_ACTIVE_COMPILATION_CONDITIONS = DEBUG;
				SWIFT_OPTIMIZATION_LEVEL = "-Onone";
			};
			name = Debug;
		};
		9A29C60020A0536E00FA08B5 /* Release */ = {
			isa = XCBuildConfiguration;
			buildSettings = {
				ALWAYS_SEARCH_USER_PATHS = NO;
				CLANG_ANALYZER_NONNULL = YES;
				CLANG_ANALYZER_NUMBER_OBJECT_CONVERSION = YES_AGGRESSIVE;
				CLANG_CXX_LANGUAGE_STANDARD = "gnu++14";
				CLANG_CXX_LIBRARY = "libc++";
				CLANG_ENABLE_MODULES = YES;
				CLANG_ENABLE_OBJC_ARC = YES;
				CLANG_WARN_BLOCK_CAPTURE_AUTORELEASING = YES;
				CLANG_WARN_BOOL_CONVERSION = YES;
				CLANG_WARN_COMMA = YES;
				CLANG_WARN_CONSTANT_CONVERSION = YES;
				CLANG_WARN_DIRECT_OBJC_ISA_USAGE = YES_ERROR;
				CLANG_WARN_DOCUMENTATION_COMMENTS = YES;
				CLANG_WARN_EMPTY_BODY = YES;
				CLANG_WARN_ENUM_CONVERSION = YES;
				CLANG_WARN_INFINITE_RECURSION = YES;
				CLANG_WARN_INT_CONVERSION = YES;
				CLANG_WARN_NON_LITERAL_NULL_CONVERSION = YES;
				CLANG_WARN_OBJC_LITERAL_CONVERSION = YES;
				CLANG_WARN_OBJC_ROOT_CLASS = YES_ERROR;
				CLANG_WARN_RANGE_LOOP_ANALYSIS = YES;
				CLANG_WARN_STRICT_PROTOTYPES = YES;
				CLANG_WARN_SUSPICIOUS_MOVE = YES;
				CLANG_WARN_UNGUARDED_AVAILABILITY = YES_AGGRESSIVE;
				CLANG_WARN_UNREACHABLE_CODE = YES;
				CLANG_WARN__DUPLICATE_METHOD_MATCH = YES;
				CODE_SIGN_IDENTITY = "iPhone Developer";
				COPY_PHASE_STRIP = NO;
				DEBUG_INFORMATION_FORMAT = "dwarf-with-dsym";
				ENABLE_NS_ASSERTIONS = NO;
				ENABLE_STRICT_OBJC_MSGSEND = YES;
				GCC_C_LANGUAGE_STANDARD = gnu11;
				GCC_NO_COMMON_BLOCKS = YES;
				GCC_WARN_64_TO_32_BIT_CONVERSION = YES;
				GCC_WARN_ABOUT_RETURN_TYPE = YES_ERROR;
				GCC_WARN_UNDECLARED_SELECTOR = YES;
				GCC_WARN_UNINITIALIZED_AUTOS = YES_AGGRESSIVE;
				GCC_WARN_UNUSED_FUNCTION = YES;
				GCC_WARN_UNUSED_VARIABLE = YES;
				IPHONEOS_DEPLOYMENT_TARGET = 10.0;
				MTL_ENABLE_DEBUG_INFO = NO;
				SDKROOT = iphoneos;
				SWIFT_OPTIMIZATION_LEVEL = "-Owholemodule";
				VALIDATE_PRODUCT = YES;
			};
			name = Release;
		};
		9A29C60220A0536E00FA08B5 /* Debug */ = {
			isa = XCBuildConfiguration;
			buildSettings = {
				ASSETCATALOG_COMPILER_APPICON_NAME = AppIcon;
				CODE_SIGN_STYLE = Automatic;
				DEVELOPMENT_TEAM = APYC37G5XR;
				INFOPLIST_FILE = OperationQueueTest/Info.plist;
				LD_RUNPATH_SEARCH_PATHS = "$(inherited) @executable_path/Frameworks";
				PRODUCT_BUNDLE_IDENTIFIER = com.shaneZLabs.OperationQueueTest;
				PRODUCT_NAME = "$(TARGET_NAME)";
				SWIFT_VERSION = 4.0;
				TARGETED_DEVICE_FAMILY = "1,2";
			};
			name = Debug;
		};
		9A29C60320A0536E00FA08B5 /* Release */ = {
			isa = XCBuildConfiguration;
			buildSettings = {
				ASSETCATALOG_COMPILER_APPICON_NAME = AppIcon;
				CODE_SIGN_STYLE = Automatic;
				DEVELOPMENT_TEAM = APYC37G5XR;
				INFOPLIST_FILE = OperationQueueTest/Info.plist;
				LD_RUNPATH_SEARCH_PATHS = "$(inherited) @executable_path/Frameworks";
				PRODUCT_BUNDLE_IDENTIFIER = com.shaneZLabs.OperationQueueTest;
				PRODUCT_NAME = "$(TARGET_NAME)";
				SWIFT_VERSION = 4.0;
				TARGETED_DEVICE_FAMILY = "1,2";
			};
			name = Release;
		};
/* End XCBuildConfiguration section */

/* Begin XCConfigurationList section */
		9A29C5EA20A0536E00FA08B5 /* Build configuration list for PBXProject "OperationQueueTest" */ = {
			isa = XCConfigurationList;
			buildConfigurations = (
				9A29C5FF20A0536E00FA08B5 /* Debug */,
				9A29C60020A0536E00FA08B5 /* Release */,
			);
			defaultConfigurationIsVisible = 0;
			defaultConfigurationName = Release;
		};
		9A29C60120A0536E00FA08B5 /* Build configuration list for PBXNativeTarget "OperationQueueTest" */ = {
			isa = XCConfigurationList;
			buildConfigurations = (
				9A29C60220A0536E00FA08B5 /* Debug */,
				9A29C60320A0536E00FA08B5 /* Release */,
			);
			defaultConfigurationIsVisible = 0;
			defaultConfigurationName = Release;
		};
/* End XCConfigurationList section */
	};
	rootObject = 9A29C5E720A0536E00FA08B5 /* Project object */;
}
